
Microsoft Visual Studio Solution File, Format Version 12.00
# Visual Studio 2013
VisualStudioVersion = 12.0.31101.0
MinimumVisualStudioVersion = 10.0.40219.1
Project("{FAE04EC0-301F-11D3-BF4B-00C04F79EFBC}") = "LostCardGameUI", "LostCardGame\LostCardGameUI.csproj", "{2178D8C8-372D-456A-8DC9-E60A0615A252}"
EndProject
Project("{FAE04EC0-301F-11D3-BF4B-00C04F79EFBC}") = "LostCardGameCore", "LostCardGameCore\LostCardGameCore.csproj", "{FE02AFB8-09C8-4581-8E88-720C84F4AAC9}"
EndProject
Global
	GlobalSection(SolutionConfigurationPlatforms) = preSolution
		Debug|Any CPU = Debug|Any CPU
		Release|Any CPU = Release|Any CPU
	EndGlobalSection
	GlobalSection(ProjectConfigurationPlatforms) = postSolution
		{2178D8C8-372D-456A-8DC9-E60A0615A252}.Debug|Any CPU.ActiveCfg = Debug|Any CPU
		{2178D8C8-372D-456A-8DC9-E60A0615A252}.Debug|Any CPU.Build.0 = Debug|Any CPU
		{2178D8C8-372D-456A-8DC9-E60A0615A252}.Release|Any CPU.ActiveCfg = Release|Any CPU
		{2178D8C8-372D-456A-8DC9-E60A0615A252}.Release|Any CPU.Build.0 = Release|Any CPU
		{FE02AFB8-09C8-4581-8E88-720C84F4AAC9}.Debug|Any CPU.ActiveCfg = Debug|Any CPU
		{FE02AFB8-09C8-4581-8E88-720C84F4AAC9}.Debug|Any CPU.Build.0 = Debug|Any CPU
		{FE02AFB8-09C8-4581-8E88-720C84F4AAC9}.Release|Any CPU.ActiveCfg = Release|Any CPU
		{FE02AFB8-09C8-4581-8E88-720C84F4AAC9}.Release|Any CPU.Build.0 = Release|Any CPU
	EndGlobalSection
	GlobalSection(SolutionProperties) = preSolution
		HideSolutionNode = FALSE
	EndGlobalSection
EndGlobal
